
Microsoft Visual Studio Solution File, Format Version 12.00
# Visual Studio Version 16
VisualStudioVersion = 16.0.30717.126
MinimumVisualStudioVersion = 10.0.40219.1
Project("{FAE04EC0-301F-11D3-BF4B-00C04F79EFBC}") = "Consumer", "Consumer\Consumer.csproj", "{25ACF21A-EBE1-43D0-82B2-AF78F224AE25}"
EndProject
Global
	GlobalSection(SolutionConfigurationPlatforms) = preSolution
		Debug|Any CPU = Debug|Any CPU
		Release|Any CPU = Release|Any CPU
	EndGlobalSection
	GlobalSection(ProjectConfigurationPlatforms) = postSolution
		{25ACF21A-EBE1-43D0-82B2-AF78F224AE25}.Debug|Any CPU.ActiveCfg = Debug|Any CPU
		{25ACF21A-EBE1-43D0-82B2-AF78F224AE25}.Debug|Any CPU.Build.0 = Debug|Any CPU
		{25ACF21A-EBE1-43D0-82B2-AF78F224AE25}.Release|Any CPU.ActiveCfg = Release|Any CPU
		{25ACF21A-EBE1-43D0-82B2-AF78F224AE25}.Release|Any CPU.Build.0 = Release|Any CPU
	EndGlobalSection
	GlobalSection(SolutionProperties) = preSolution
		HideSolutionNode = FALSE
	EndGlobalSection
	GlobalSection(ExtensibilityGlobals) = postSolution
		SolutionGuid = {707052C5-0EFD-4291-9A59-DBB2C32575E1}
	EndGlobalSection
EndGlobal
